
Microsoft Visual Studio Solution File, Format Version 12.00
# Visual C# Express 2010
Project("{FAE04EC0-301F-11D3-BF4B-00C04F79EFBC}") = "LightQuery", "LightQuery\LightQuery.csproj", "{B5B5AF87-A835-43F9-8BE3-6B7D3E2E6818}"
EndProject
Global
	GlobalSection(SolutionConfigurationPlatforms) = preSolution
		Debug|Any CPU = Debug|Any CPU
		Release|Any CPU = Release|Any CPU
	EndGlobalSection
	GlobalSection(ProjectConfigurationPlatforms) = postSolution
		{B5B5AF87-A835-43F9-8BE3-6B7D3E2E6818}.Debug|Any CPU.ActiveCfg = Debug|Any CPU
		{B5B5AF87-A835-43F9-8BE3-6B7D3E2E6818}.Debug|Any CPU.Build.0 = Debug|Any CPU
		{B5B5AF87-A835-43F9-8BE3-6B7D3E2E6818}.Release|Any CPU.ActiveCfg = Release|Any CPU
		{B5B5AF87-A835-43F9-8BE3-6B7D3E2E6818}.Release|Any CPU.Build.0 = Release|Any CPU
	EndGlobalSection
	GlobalSection(SolutionProperties) = preSolution
		HideSolutionNode = FALSE
	EndGlobalSection
EndGlobal
